// !$*UTF8*$!
{
	archiveVersion = 1;
	classes = {
	};
	objectVersion = 50;
	objects = {

/* Begin PBXBuildFile section */
		9A706D06262F4C22007339D0 /* UltimateProjectApp.swift in Sources */ = {isa = PBXBuildFile; fileRef = 9A706D05262F4C22007339D0 /* UltimateProjectApp.swift */; };
		9A706D08262F4C22007339D0 /* ContentView.swift in Sources */ = {isa = PBXBuildFile; fileRef = 9A706D07262F4C22007339D0 /* ContentView.swift */; };
		9A706D0A262F4C24007339D0 /* Assets.xcassets in Resources */ = {isa = PBXBuildFile; fileRef = 9A706D09262F4C24007339D0 /* Assets.xcassets */; };
		9A706D0D262F4C24007339D0 /* Preview Assets.xcassets in Resources */ = {isa = PBXBuildFile; fileRef = 9A706D0C262F4C24007339D0 /* Preview Assets.xcassets */; };
		9A706D16262F4C55007339D0 /* HomeView.swift in Sources */ = {isa = PBXBuildFile; fileRef = 9A706D15262F4C55007339D0 /* HomeView.swift */; };
		9A706D19262F4C60007339D0 /* DataController.swift in Sources */ = {isa = PBXBuildFile; fileRef = 9A706D18262F4C60007339D0 /* DataController.swift */; };
		9A706D1C262F4C75007339D0 /* ProjectsView.swift in Sources */ = {isa = PBXBuildFile; fileRef = 9A706D1B262F4C75007339D0 /* ProjectsView.swift */; };
		9A706D25262F4D52007339D0 /* Main.xcdatamodeld in Sources */ = {isa = PBXBuildFile; fileRef = 9A706D23262F4D52007339D0 /* Main.xcdatamodeld */; };
/* End PBXBuildFile section */

/* Begin PBXFileReference section */
		9A706D02262F4C22007339D0 /* UltimateProject.app */ = {isa = PBXFileReference; explicitFileType = wrapper.application; includeInIndex = 0; path = UltimateProject.app; sourceTree = BUILT_PRODUCTS_DIR; };
		9A706D05262F4C22007339D0 /* UltimateProjectApp.swift */ = {isa = PBXFileReference; lastKnownFileType = sourcecode.swift; path = UltimateProjectApp.swift; sourceTree = "<group>"; };
		9A706D07262F4C22007339D0 /* ContentView.swift */ = {isa = PBXFileReference; lastKnownFileType = sourcecode.swift; path = ContentView.swift; sourceTree = "<group>"; };
		9A706D09262F4C24007339D0 /* Assets.xcassets */ = {isa = PBXFileReference; lastKnownFileType = folder.assetcatalog; path = Assets.xcassets; sourceTree = "<group>"; };
		9A706D0C262F4C24007339D0 /* Preview Assets.xcassets */ = {isa = PBXFileReference; lastKnownFileType = folder.assetcatalog; path = "Preview Assets.xcassets"; sourceTree = "<group>"; };
		9A706D0E262F4C24007339D0 /* Info.plist */ = {isa = PBXFileReference; lastKnownFileType = text.plist.xml; path = Info.plist; sourceTree = "<group>"; };
		9A706D15262F4C55007339D0 /* HomeView.swift */ = {isa = PBXFileReference; fileEncoding = 4; lastKnownFileType = sourcecode.swift; name = HomeView.swift; path = ../../UltimatePortfolio/UltimatePortfolio/HomeView.swift; sourceTree = "<group>"; };
		9A706D18262F4C60007339D0 /* DataController.swift */ = {isa = PBXFileReference; fileEncoding = 4; lastKnownFileType = sourcecode.swift; name = DataController.swift; path = ../../UltimatePortfolio/UltimatePortfolio/DataController.swift; sourceTree = "<group>"; };
		9A706D1B262F4C75007339D0 /* ProjectsView.swift */ = {isa = PBXFileReference; fileEncoding = 4; lastKnownFileType = sourcecode.swift; name = ProjectsView.swift; path = ../../UltimatePortfolio/UltimatePortfolio/ProjectsView.swift; sourceTree = "<group>"; };
		9A706D24262F4D52007339D0 /* Main.xcdatamodel */ = {isa = PBXFileReference; lastKnownFileType = wrapper.xcdatamodel; path = Main.xcdatamodel; sourceTree = "<group>"; };
		9A706D28262F4F78007339D0 /* UltimateProject.entitlements */ = {isa = PBXFileReference; lastKnownFileType = text.plist.entitlements; path = UltimateProject.entitlements; sourceTree = "<group>"; };
/* End PBXFileReference section */

/* Begin PBXFrameworksBuildPhase section */
		9A706CFF262F4C22007339D0 /* Frameworks */ = {
			isa = PBXFrameworksBuildPhase;
			buildActionMask = 2147483647;
			files = (
			);
			runOnlyForDeploymentPostprocessing = 0;
		};
/* End PBXFrameworksBuildPhase section */

/* Begin PBXGroup section */
		9A706CF9262F4C22007339D0 = {
			isa = PBXGroup;
			children = (
				9A706D04262F4C22007339D0 /* UltimateProject */,
				9A706D03262F4C22007339D0 /* Products */,
			);
			sourceTree = "<group>";
		};
		9A706D03262F4C22007339D0 /* Products */ = {
			isa = PBXGroup;
			children = (
				9A706D02262F4C22007339D0 /* UltimateProject.app */,
			);
			name = Products;
			sourceTree = "<group>";
		};
		9A706D04262F4C22007339D0 /* UltimateProject */ = {
			isa = PBXGroup;
			children = (
				9A706D28262F4F78007339D0 /* UltimateProject.entitlements */,
				9A706D23262F4D52007339D0 /* Main.xcdatamodeld */,
				9A706D05262F4C22007339D0 /* UltimateProjectApp.swift */,
				9A706D15262F4C55007339D0 /* HomeView.swift */,
				9A706D07262F4C22007339D0 /* ContentView.swift */,
				9A706D18262F4C60007339D0 /* DataController.swift */,
				9A706D1B262F4C75007339D0 /* ProjectsView.swift */,
				9A706D09262F4C24007339D0 /* Assets.xcassets */,
				9A706D0E262F4C24007339D0 /* Info.plist */,
				9A706D0B262F4C24007339D0 /* Preview Content */,
			);
			path = UltimateProject;
			sourceTree = "<group>";
		};
		9A706D0B262F4C24007339D0 /* Preview Content */ = {
			isa = PBXGroup;
			children = (
				9A706D0C262F4C24007339D0 /* Preview Assets.xcassets */,
			);
			path = "Preview Content";
			sourceTree = "<group>";
		};
/* End PBXGroup section */

/* Begin PBXNativeTarget section */
		9A706D01262F4C22007339D0 /* UltimateProject */ = {
			isa = PBXNativeTarget;
			buildConfigurationList = 9A706D11262F4C24007339D0 /* Build configuration list for PBXNativeTarget "UltimateProject" */;
			buildPhases = (
				9A706CFE262F4C22007339D0 /* Sources */,
				9A706CFF262F4C22007339D0 /* Frameworks */,
				9A706D00262F4C22007339D0 /* Resources */,
			);
			buildRules = (
			);
			dependencies = (
			);
			name = UltimateProject;
			productName = UltimateProject;
			productReference = 9A706D02262F4C22007339D0 /* UltimateProject.app */;
			productType = "com.apple.product-type.application";
		};
/* End PBXNativeTarget section */

/* Begin PBXProject section */
		9A706CFA262F4C22007339D0 /* Project object */ = {
			isa = PBXProject;
			attributes = {
				LastSwiftUpdateCheck = 1240;
				LastUpgradeCheck = 1240;
				TargetAttributes = {
					9A706D01262F4C22007339D0 = {
						CreatedOnToolsVersion = 12.4;
					};
				};
			};
			buildConfigurationList = 9A706CFD262F4C22007339D0 /* Build configuration list for PBXProject "UltimateProject" */;
			compatibilityVersion = "Xcode 9.3";
			developmentRegion = en;
			hasScannedForEncodings = 0;
			knownRegions = (
				en,
				Base,
			);
			mainGroup = 9A706CF9262F4C22007339D0;
			productRefGroup = 9A706D03262F4C22007339D0 /* Products */;
			projectDirPath = "";
			projectRoot = "";
			targets = (
				9A706D01262F4C22007339D0 /* UltimateProject */,
			);
		};
/* End PBXProject section */

/* Begin PBXResourcesBuildPhase section */
		9A706D00262F4C22007339D0 /* Resources */ = {
			isa = PBXResourcesBuildPhase;
			buildActionMask = 2147483647;
			files = (
				9A706D0D262F4C24007339D0 /* Preview Assets.xcassets in Resources */,
				9A706D0A262F4C24007339D0 /* Assets.xcassets in Resources */,
			);
			runOnlyForDeploymentPostprocessing = 0;
		};
/* End PBXResourcesBuildPhase section */

/* Begin PBXSourcesBuildPhase section */
		9A706CFE262F4C22007339D0 /* Sources */ = {
			isa = PBXSourcesBuildPhase;
			buildActionMask = 2147483647;
			files = (
				9A706D25262F4D52007339D0 /* Main.xcdatamodeld in Sources */,
				9A706D1C262F4C75007339D0 /* ProjectsView.swift in Sources */,
				9A706D16262F4C55007339D0 /* HomeView.swift in Sources */,
				9A706D19262F4C60007339D0 /* DataController.swift in Sources */,
				9A706D08262F4C22007339D0 /* ContentView.swift in Sources */,
				9A706D06262F4C22007339D0 /* UltimateProjectApp.swift in Sources */,
			);
			runOnlyForDeploymentPostprocessing = 0;
		};
/* End PBXSourcesBuildPhase section */

/* Begin XCBuildConfiguration section */
		9A706D0F262F4C24007339D0 /* Debug */ = {
			isa = XCBuildConfiguration;
			buildSettings = {
				ALWAYS_SEARCH_USER_PATHS = NO;
				CLANG_ANALYZER_NONNULL = YES;
				CLANG_ANALYZER_NUMBER_OBJECT_CONVERSION = YES_AGGRESSIVE;
				CLANG_CXX_LANGUAGE_STANDARD = "gnu++14";
				CLANG_CXX_LIBRARY = "libc++";
				CLANG_ENABLE_MODULES = YES;
				CLANG_ENABLE_OBJC_ARC = YES;
				CLANG_ENABLE_OBJC_WEAK = YES;
				CLANG_WARN_BLOCK_CAPTURE_AUTORELEASING = YES;
				CLANG_WARN_BOOL_CONVERSION = YES;
				CLANG_WARN_COMMA = YES;
				CLANG_WARN_CONSTANT_CONVERSION = YES;
				CLANG_WARN_DEPRECATED_OBJC_IMPLEMENTATIONS = YES;
				CLANG_WARN_DIRECT_OBJC_ISA_USAGE = YES_ERROR;
				CLANG_WARN_DOCUMENTATION_COMMENTS = YES;
				CLANG_WARN_EMPTY_BODY = YES;
				CLANG_WARN_ENUM_CONVERSION = YES;
				CLANG_WARN_INFINITE_RECURSION = YES;
				CLANG_WARN_INT_CONVERSION = YES;
				CLANG_WARN_NON_LITERAL_NULL_CONVERSION = YES;
				CLANG_WARN_OBJC_IMPLICIT_RETAIN_SELF = YES;
				CLANG_WARN_OBJC_LITERAL_CONVERSION = YES;
				CLANG_WARN_OBJC_ROOT_CLASS = YES_ERROR;
				CLANG_WARN_QUOTED_INCLUDE_IN_FRAMEWORK_HEADER = YES;
				CLANG_WARN_RANGE_LOOP_ANALYSIS = YES;
				CLANG_WARN_STRICT_PROTOTYPES = YES;
				CLANG_WARN_SUSPICIOUS_MOVE = YES;
				CLANG_WARN_UNGUARDED_AVAILABILITY = YES_AGGRESSIVE;
				CLANG_WARN_UNREACHABLE_CODE = YES;
				CLANG_WARN__DUPLICATE_METHOD_MATCH = YES;
				COPY_PHASE_STRIP = NO;
				DEBUG_INFORMATION_FORMAT = dwarf;
				ENABLE_STRICT_OBJC_MSGSEND = YES;
				ENABLE_TESTABILITY = YES;
				GCC_C_LANGUAGE_STANDARD = gnu11;
				GCC_DYNAMIC_NO_PIC = NO;
				GCC_NO_COMMON_BLOCKS = YES;
				GCC_OPTIMIZATION_LEVEL = 0;
				GCC_PREPROCESSOR_DEFINITIONS = (
					"DEBUG=1",
					"$(inherited)",
				);
				GCC_WARN_64_TO_32_BIT_CONVERSION = YES;
				GCC_WARN_ABOUT_RETURN_TYPE = YES_ERROR;
				GCC_WARN_UNDECLARED_SELECTOR = YES;
				GCC_WARN_UNINITIALIZED_AUTOS = YES_AGGRESSIVE;
				GCC_WARN_UNUSED_FUNCTION = YES;
				GCC_WARN_UNUSED_VARIABLE = YES;
				IPHONEOS_DEPLOYMENT_TARGET = 14.4;
				MTL_ENABLE_DEBUG_INFO = INCLUDE_SOURCE;
				MTL_FAST_MATH = YES;
				ONLY_ACTIVE_ARCH = YES;
				SDKROOT = iphoneos;
				SWIFT_ACTIVE_COMPILATION_CONDITIONS = DEBUG;
				SWIFT_OPTIMIZATION_LEVEL = "-Onone";
			};
			name = Debug;
		};
		9A706D10262F4C24007339D0 /* Release */ = {
			isa = XCBuildConfiguration;
			buildSettings = {
				ALWAYS_SEARCH_USER_PATHS = NO;
				CLANG_ANALYZER_NONNULL = YES;
				CLANG_ANALYZER_NUMBER_OBJECT_CONVERSION = YES_AGGRESSIVE;
				CLANG_CXX_LANGUAGE_STANDARD = "gnu++14";
				CLANG_CXX_LIBRARY = "libc++";
				CLANG_ENABLE_MODULES = YES;
				CLANG_ENABLE_OBJC_ARC = YES;
				CLANG_ENABLE_OBJC_WEAK = YES;
				CLANG_WARN_BLOCK_CAPTURE_AUTORELEASING = YES;
				CLANG_WARN_BOOL_CONVERSION = YES;
				CLANG_WARN_COMMA = YES;
				CLANG_WARN_CONSTANT_CONVERSION = YES;
				CLANG_WARN_DEPRECATED_OBJC_IMPLEMENTATIONS = YES;
				CLANG_WARN_DIRECT_OBJC_ISA_USAGE = YES_ERROR;
				CLANG_WARN_DOCUMENTATION_COMMENTS = YES;
				CLANG_WARN_EMPTY_BODY = YES;
				CLANG_WARN_ENUM_CONVERSION = YES;
				CLANG_WARN_INFINITE_RECURSION = YES;
				CLANG_WARN_INT_CONVERSION = YES;
				CLANG_WARN_NON_LITERAL_NULL_CONVERSION = YES;
				CLANG_WARN_OBJC_IMPLICIT_RETAIN_SELF = YES;
				CLANG_WARN_OBJC_LITERAL_CONVERSION = YES;
				CLANG_WARN_OBJC_ROOT_CLASS = YES_ERROR;
				CLANG_WARN_QUOTED_INCLUDE_IN_FRAMEWORK_HEADER = YES;
				CLANG_WARN_RANGE_LOOP_ANALYSIS = YES;
				CLANG_WARN_STRICT_PROTOTYPES = YES;
				CLANG_WARN_SUSPICIOUS_MOVE = YES;
				CLANG_WARN_UNGUARDED_AVAILABILITY = YES_AGGRESSIVE;
				CLANG_WARN_UNREACHABLE_CODE = YES;
				CLANG_WARN__DUPLICATE_METHOD_MATCH = YES;
				COPY_PHASE_STRIP = NO;
				DEBUG_INFORMATION_FORMAT = "dwarf-with-dsym";
				ENABLE_NS_ASSERTIONS = NO;
				ENABLE_STRICT_OBJC_MSGSEND = YES;
				GCC_C_LANGUAGE_STANDARD = gnu11;
				GCC_NO_COMMON_BLOCKS = YES;
				GCC_WARN_64_TO_32_BIT_CONVERSION = YES;
				GCC_WARN_ABOUT_RETURN_TYPE = YES_ERROR;
				GCC_WARN_UNDECLARED_SELECTOR = YES;
				GCC_WARN_UNINITIALIZED_AUTOS = YES_AGGRESSIVE;
				GCC_WARN_UNUSED_FUNCTION = YES;
				GCC_WARN_UNUSED_VARIABLE = YES;
				IPHONEOS_DEPLOYMENT_TARGET = 14.4;
				MTL_ENABLE_DEBUG_INFO = NO;
				MTL_FAST_MATH = YES;
				SDKROOT = iphoneos;
				SWIFT_COMPILATION_MODE = wholemodule;
				SWIFT_OPTIMIZATION_LEVEL = "-O";
				VALIDATE_PRODUCT = YES;
			};
			name = Release;
		};
		9A706D12262F4C24007339D0 /* Debug */ = {
			isa = XCBuildConfiguration;
			buildSettings = {
				ASSETCATALOG_COMPILER_APPICON_NAME = AppIcon;
				ASSETCATALOG_COMPILER_GLOBAL_ACCENT_COLOR_NAME = AccentColor;
				CODE_SIGN_ENTITLEMENTS = UltimateProject/UltimateProject.entitlements;
				CODE_SIGN_STYLE = Automatic;
				DEVELOPMENT_ASSET_PATHS = "\"UltimateProject/Preview Content\"";
				DEVELOPMENT_TEAM = UFL2WNBTT3;
				ENABLE_PREVIEWS = YES;
				INFOPLIST_FILE = UltimateProject/Info.plist;
				IPHONEOS_DEPLOYMENT_TARGET = 14.0;
				LD_RUNPATH_SEARCH_PATHS = (
					"$(inherited)",
					"@executable_path/Frameworks",
				);
				PRODUCT_BUNDLE_IDENTIFIER = com.victor.ultimateportfolio.UltimateProject;
				PRODUCT_NAME = "$(TARGET_NAME)";
				SWIFT_VERSION = 5.0;
				TARGETED_DEVICE_FAMILY = "1,2";
			};
			name = Debug;
		};
		9A706D13262F4C24007339D0 /* Release */ = {
			isa = XCBuildConfiguration;
			buildSettings = {
				ASSETCATALOG_COMPILER_APPICON_NAME = AppIcon;
				ASSETCATALOG_COMPILER_GLOBAL_ACCENT_COLOR_NAME = AccentColor;
				CODE_SIGN_ENTITLEMENTS = UltimateProject/UltimateProject.entitlements;
				CODE_SIGN_STYLE = Automatic;
				DEVELOPMENT_ASSET_PATHS = "\"UltimateProject/Preview Content\"";
				DEVELOPMENT_TEAM = UFL2WNBTT3;
				ENABLE_PREVIEWS = YES;
				INFOPLIST_FILE = UltimateProject/Info.plist;
				IPHONEOS_DEPLOYMENT_TARGET = 14.0;
				LD_RUNPATH_SEARCH_PATHS = (
					"$(inherited)",
					"@executable_path/Frameworks",
				);
				PRODUCT_BUNDLE_IDENTIFIER = com.victor.ultimateportfolio.UltimateProject;
				PRODUCT_NAME = "$(TARGET_NAME)";
				SWIFT_VERSION = 5.0;
				TARGETED_DEVICE_FAMILY = "1,2";
			};
			name = Release;
		};
/* End XCBuildConfiguration section */

/* Begin XCConfigurationList section */
		9A706CFD262F4C22007339D0 /* Build configuration list for PBXProject "UltimateProject" */ = {
			isa = XCConfigurationList;
			buildConfigurations = (
				9A706D0F262F4C24007339D0 /* Debug */,
				9A706D10262F4C24007339D0 /* Release */,
			);
			defaultConfigurationIsVisible = 0;
			defaultConfigurationName = Release;
		};
		9A706D11262F4C24007339D0 /* Build configuration list for PBXNativeTarget "UltimateProject" */ = {
			isa = XCConfigurationList;
			buildConfigurations = (
				9A706D12262F4C24007339D0 /* Debug */,
				9A706D13262F4C24007339D0 /* Release */,
			);
			defaultConfigurationIsVisible = 0;
			defaultConfigurationName = Release;
		};
/* End XCConfigurationList section */

/* Begin XCVersionGroup section */
		9A706D23262F4D52007339D0 /* Main.xcdatamodeld */ = {
			isa = XCVersionGroup;
			children = (
				9A706D24262F4D52007339D0 /* Main.xcdatamodel */,
			);
			currentVersion = 9A706D24262F4D52007339D0 /* Main.xcdatamodel */;
			path = Main.xcdatamodeld;
			sourceTree = "<group>";
			versionGroupType = wrapper.xcdatamodel;
		};
/* End XCVersionGroup section */
	};
	rootObject = 9A706CFA262F4C22007339D0 /* Project object */;
}
