// !$*UTF8*$!
{
	archiveVersion = 1;
	classes = {
	};
	objectVersion = 50;
	objects = {

/* Begin PBXBuildFile section */
		9A762A05262F34C9002DA56A /* ProjectsView.swift in Sources */ = {isa = PBXBuildFile; fileRef = 9A762A04262F34C9002DA56A /* ProjectsView.swift */; };
		9A762A08262F4440002DA56A /* ContentView.swift in Sources */ = {isa = PBXBuildFile; fileRef = 9A762A07262F4440002DA56A /* ContentView.swift */; };
		9AA6BFA0262CA83700681592 /* UltimatePortfolioApp.swift in Sources */ = {isa = PBXBuildFile; fileRef = 9AA6BF9F262CA83700681592 /* UltimatePortfolioApp.swift */; };
		9AA6BFA2262CA83700681592 /* HomeView.swift in Sources */ = {isa = PBXBuildFile; fileRef = 9AA6BFA1262CA83700681592 /* HomeView.swift */; };
		9AA6BFA4262CA83C00681592 /* Assets.xcassets in Resources */ = {isa = PBXBuildFile; fileRef = 9AA6BFA3262CA83C00681592 /* Assets.xcassets */; };
		9AA6BFA7262CA83C00681592 /* Preview Assets.xcassets in Resources */ = {isa = PBXBuildFile; fileRef = 9AA6BFA6262CA83C00681592 /* Preview Assets.xcassets */; };
		9AA6BFB1262DBA0200681592 /* Main.xcdatamodeld in Sources */ = {isa = PBXBuildFile; fileRef = 9AA6BFAF262DBA0200681592 /* Main.xcdatamodeld */; };
		9AA6BFB4262DD3B200681592 /* DataController.swift in Sources */ = {isa = PBXBuildFile; fileRef = 9AA6BFB3262DD3B200681592 /* DataController.swift */; };
/* End PBXBuildFile section */

/* Begin PBXFileReference section */
		9A762A04262F34C9002DA56A /* ProjectsView.swift */ = {isa = PBXFileReference; lastKnownFileType = sourcecode.swift; path = ProjectsView.swift; sourceTree = "<group>"; };
		9A762A07262F4440002DA56A /* ContentView.swift */ = {isa = PBXFileReference; lastKnownFileType = sourcecode.swift; path = ContentView.swift; sourceTree = "<group>"; };
		9AA6BF9C262CA83700681592 /* UltimatePortfolio.app */ = {isa = PBXFileReference; explicitFileType = wrapper.application; includeInIndex = 0; path = UltimatePortfolio.app; sourceTree = BUILT_PRODUCTS_DIR; };
		9AA6BF9F262CA83700681592 /* UltimatePortfolioApp.swift */ = {isa = PBXFileReference; lastKnownFileType = sourcecode.swift; path = UltimatePortfolioApp.swift; sourceTree = "<group>"; };
		9AA6BFA1262CA83700681592 /* HomeView.swift */ = {isa = PBXFileReference; lastKnownFileType = sourcecode.swift; path = HomeView.swift; sourceTree = "<group>"; };
		9AA6BFA3262CA83C00681592 /* Assets.xcassets */ = {isa = PBXFileReference; lastKnownFileType = folder.assetcatalog; path = Assets.xcassets; sourceTree = "<group>"; };
		9AA6BFA6262CA83C00681592 /* Preview Assets.xcassets */ = {isa = PBXFileReference; lastKnownFileType = folder.assetcatalog; path = "Preview Assets.xcassets"; sourceTree = "<group>"; };
		9AA6BFA8262CA83C00681592 /* Info.plist */ = {isa = PBXFileReference; lastKnownFileType = text.plist.xml; path = Info.plist; sourceTree = "<group>"; };
		9AA6BFB0262DBA0200681592 /* Main.xcdatamodel */ = {isa = PBXFileReference; lastKnownFileType = wrapper.xcdatamodel; path = Main.xcdatamodel; sourceTree = "<group>"; };
		9AA6BFB3262DD3B200681592 /* DataController.swift */ = {isa = PBXFileReference; lastKnownFileType = sourcecode.swift; path = DataController.swift; sourceTree = "<group>"; };
/* End PBXFileReference section */

/* Begin PBXFrameworksBuildPhase section */
		9AA6BF99262CA83700681592 /* Frameworks */ = {
			isa = PBXFrameworksBuildPhase;
			buildActionMask = 2147483647;
			files = (
			);
			runOnlyForDeploymentPostprocessing = 0;
		};
/* End PBXFrameworksBuildPhase section */

/* Begin PBXGroup section */
		9AA6BF93262CA83700681592 = {
			isa = PBXGroup;
			children = (
				9AA6BF9E262CA83700681592 /* UltimatePortfolio */,
				9AA6BF9D262CA83700681592 /* Products */,
			);
			sourceTree = "<group>";
		};
		9AA6BF9D262CA83700681592 /* Products */ = {
			isa = PBXGroup;
			children = (
				9AA6BF9C262CA83700681592 /* UltimatePortfolio.app */,
			);
			name = Products;
			sourceTree = "<group>";
		};
		9AA6BF9E262CA83700681592 /* UltimatePortfolio */ = {
			isa = PBXGroup;
			children = (
				9AA6BF9F262CA83700681592 /* UltimatePortfolioApp.swift */,
				9AA6BFA1262CA83700681592 /* HomeView.swift */,
				9AA6BFA3262CA83C00681592 /* Assets.xcassets */,
				9AA6BFA8262CA83C00681592 /* Info.plist */,
				9AA6BFA5262CA83C00681592 /* Preview Content */,
				9AA6BFAF262DBA0200681592 /* Main.xcdatamodeld */,
				9AA6BFB3262DD3B200681592 /* DataController.swift */,
				9A762A04262F34C9002DA56A /* ProjectsView.swift */,
				9A762A07262F4440002DA56A /* ContentView.swift */,
			);
			path = UltimatePortfolio;
			sourceTree = "<group>";
		};
		9AA6BFA5262CA83C00681592 /* Preview Content */ = {
			isa = PBXGroup;
			children = (
				9AA6BFA6262CA83C00681592 /* Preview Assets.xcassets */,
			);
			path = "Preview Content";
			sourceTree = "<group>";
		};
/* End PBXGroup section */

/* Begin PBXNativeTarget section */
		9AA6BF9B262CA83700681592 /* UltimatePortfolio */ = {
			isa = PBXNativeTarget;
			buildConfigurationList = 9AA6BFAB262CA83C00681592 /* Build configuration list for PBXNativeTarget "UltimatePortfolio" */;
			buildPhases = (
				9AA6BF98262CA83700681592 /* Sources */,
				9AA6BF99262CA83700681592 /* Frameworks */,
				9AA6BF9A262CA83700681592 /* Resources */,
			);
			buildRules = (
			);
			dependencies = (
			);
			name = UltimatePortfolio;
			productName = UltimatePortfolio;
			productReference = 9AA6BF9C262CA83700681592 /* UltimatePortfolio.app */;
			productType = "com.apple.product-type.application";
		};
/* End PBXNativeTarget section */

/* Begin PBXProject section */
		9AA6BF94262CA83700681592 /* Project object */ = {
			isa = PBXProject;
			attributes = {
				LastSwiftUpdateCheck = 1240;
				LastUpgradeCheck = 1240;
				TargetAttributes = {
					9AA6BF9B262CA83700681592 = {
						CreatedOnToolsVersion = 12.4;
					};
				};
			};
			buildConfigurationList = 9AA6BF97262CA83700681592 /* Build configuration list for PBXProject "UltimatePortfolio" */;
			compatibilityVersion = "Xcode 9.3";
			developmentRegion = en;
			hasScannedForEncodings = 0;
			knownRegions = (
				en,
				Base,
			);
			mainGroup = 9AA6BF93262CA83700681592;
			productRefGroup = 9AA6BF9D262CA83700681592 /* Products */;
			projectDirPath = "";
			projectRoot = "";
			targets = (
				9AA6BF9B262CA83700681592 /* UltimatePortfolio */,
			);
		};
/* End PBXProject section */

/* Begin PBXResourcesBuildPhase section */
		9AA6BF9A262CA83700681592 /* Resources */ = {
			isa = PBXResourcesBuildPhase;
			buildActionMask = 2147483647;
			files = (
				9AA6BFA7262CA83C00681592 /* Preview Assets.xcassets in Resources */,
				9AA6BFA4262CA83C00681592 /* Assets.xcassets in Resources */,
			);
			runOnlyForDeploymentPostprocessing = 0;
		};
/* End PBXResourcesBuildPhase section */

/* Begin PBXSourcesBuildPhase section */
		9AA6BF98262CA83700681592 /* Sources */ = {
			isa = PBXSourcesBuildPhase;
			buildActionMask = 2147483647;
			files = (
				9A762A05262F34C9002DA56A /* ProjectsView.swift in Sources */,
				9AA6BFB1262DBA0200681592 /* Main.xcdatamodeld in Sources */,
				9A762A08262F4440002DA56A /* ContentView.swift in Sources */,
				9AA6BFB4262DD3B200681592 /* DataController.swift in Sources */,
				9AA6BFA2262CA83700681592 /* HomeView.swift in Sources */,
				9AA6BFA0262CA83700681592 /* UltimatePortfolioApp.swift in Sources */,
			);
			runOnlyForDeploymentPostprocessing = 0;
		};
/* End PBXSourcesBuildPhase section */

/* Begin XCBuildConfiguration section */
		9AA6BFA9262CA83C00681592 /* Debug */ = {
			isa = XCBuildConfiguration;
			buildSettings = {
				ALWAYS_SEARCH_USER_PATHS = NO;
				CLANG_ANALYZER_NONNULL = YES;
				CLANG_ANALYZER_NUMBER_OBJECT_CONVERSION = YES_AGGRESSIVE;
				CLANG_CXX_LANGUAGE_STANDARD = "gnu++14";
				CLANG_CXX_LIBRARY = "libc++";
				CLANG_ENABLE_MODULES = YES;
				CLANG_ENABLE_OBJC_ARC = YES;
				CLANG_ENABLE_OBJC_WEAK = YES;
				CLANG_WARN_BLOCK_CAPTURE_AUTORELEASING = YES;
				CLANG_WARN_BOOL_CONVERSION = YES;
				CLANG_WARN_COMMA = YES;
				CLANG_WARN_CONSTANT_CONVERSION = YES;
				CLANG_WARN_DEPRECATED_OBJC_IMPLEMENTATIONS = YES;
				CLANG_WARN_DIRECT_OBJC_ISA_USAGE = YES_ERROR;
				CLANG_WARN_DOCUMENTATION_COMMENTS = YES;
				CLANG_WARN_EMPTY_BODY = YES;
				CLANG_WARN_ENUM_CONVERSION = YES;
				CLANG_WARN_INFINITE_RECURSION = YES;
				CLANG_WARN_INT_CONVERSION = YES;
				CLANG_WARN_NON_LITERAL_NULL_CONVERSION = YES;
				CLANG_WARN_OBJC_IMPLICIT_RETAIN_SELF = YES;
				CLANG_WARN_OBJC_LITERAL_CONVERSION = YES;
				CLANG_WARN_OBJC_ROOT_CLASS = YES_ERROR;
				CLANG_WARN_QUOTED_INCLUDE_IN_FRAMEWORK_HEADER = YES;
				CLANG_WARN_RANGE_LOOP_ANALYSIS = YES;
				CLANG_WARN_STRICT_PROTOTYPES = YES;
				CLANG_WARN_SUSPICIOUS_MOVE = YES;
				CLANG_WARN_UNGUARDED_AVAILABILITY = YES_AGGRESSIVE;
				CLANG_WARN_UNREACHABLE_CODE = YES;
				CLANG_WARN__DUPLICATE_METHOD_MATCH = YES;
				COPY_PHASE_STRIP = NO;
				DEBUG_INFORMATION_FORMAT = dwarf;
				ENABLE_STRICT_OBJC_MSGSEND = YES;
				ENABLE_TESTABILITY = YES;
				GCC_C_LANGUAGE_STANDARD = gnu11;
				GCC_DYNAMIC_NO_PIC = NO;
				GCC_NO_COMMON_BLOCKS = YES;
				GCC_OPTIMIZATION_LEVEL = 0;
				GCC_PREPROCESSOR_DEFINITIONS = (
					"DEBUG=1",
					"$(inherited)",
				);
				GCC_WARN_64_TO_32_BIT_CONVERSION = YES;
				GCC_WARN_ABOUT_RETURN_TYPE = YES_ERROR;
				GCC_WARN_UNDECLARED_SELECTOR = YES;
				GCC_WARN_UNINITIALIZED_AUTOS = YES_AGGRESSIVE;
				GCC_WARN_UNUSED_FUNCTION = YES;
				GCC_WARN_UNUSED_VARIABLE = YES;
				IPHONEOS_DEPLOYMENT_TARGET = 14.4;
				MTL_ENABLE_DEBUG_INFO = INCLUDE_SOURCE;
				MTL_FAST_MATH = YES;
				ONLY_ACTIVE_ARCH = YES;
				SDKROOT = iphoneos;
				SWIFT_ACTIVE_COMPILATION_CONDITIONS = DEBUG;
				SWIFT_OPTIMIZATION_LEVEL = "-Onone";
			};
			name = Debug;
		};
		9AA6BFAA262CA83C00681592 /* Release */ = {
			isa = XCBuildConfiguration;
			buildSettings = {
				ALWAYS_SEARCH_USER_PATHS = NO;
				CLANG_ANALYZER_NONNULL = YES;
				CLANG_ANALYZER_NUMBER_OBJECT_CONVERSION = YES_AGGRESSIVE;
				CLANG_CXX_LANGUAGE_STANDARD = "gnu++14";
				CLANG_CXX_LIBRARY = "libc++";
				CLANG_ENABLE_MODULES = YES;
				CLANG_ENABLE_OBJC_ARC = YES;
				CLANG_ENABLE_OBJC_WEAK = YES;
				CLANG_WARN_BLOCK_CAPTURE_AUTORELEASING = YES;
				CLANG_WARN_BOOL_CONVERSION = YES;
				CLANG_WARN_COMMA = YES;
				CLANG_WARN_CONSTANT_CONVERSION = YES;
				CLANG_WARN_DEPRECATED_OBJC_IMPLEMENTATIONS = YES;
				CLANG_WARN_DIRECT_OBJC_ISA_USAGE = YES_ERROR;
				CLANG_WARN_DOCUMENTATION_COMMENTS = YES;
				CLANG_WARN_EMPTY_BODY = YES;
				CLANG_WARN_ENUM_CONVERSION = YES;
				CLANG_WARN_INFINITE_RECURSION = YES;
				CLANG_WARN_INT_CONVERSION = YES;
				CLANG_WARN_NON_LITERAL_NULL_CONVERSION = YES;
				CLANG_WARN_OBJC_IMPLICIT_RETAIN_SELF = YES;
				CLANG_WARN_OBJC_LITERAL_CONVERSION = YES;
				CLANG_WARN_OBJC_ROOT_CLASS = YES_ERROR;
				CLANG_WARN_QUOTED_INCLUDE_IN_FRAMEWORK_HEADER = YES;
				CLANG_WARN_RANGE_LOOP_ANALYSIS = YES;
				CLANG_WARN_STRICT_PROTOTYPES = YES;
				CLANG_WARN_SUSPICIOUS_MOVE = YES;
				CLANG_WARN_UNGUARDED_AVAILABILITY = YES_AGGRESSIVE;
				CLANG_WARN_UNREACHABLE_CODE = YES;
				CLANG_WARN__DUPLICATE_METHOD_MATCH = YES;
				COPY_PHASE_STRIP = NO;
				DEBUG_INFORMATION_FORMAT = "dwarf-with-dsym";
				ENABLE_NS_ASSERTIONS = NO;
				ENABLE_STRICT_OBJC_MSGSEND = YES;
				GCC_C_LANGUAGE_STANDARD = gnu11;
				GCC_NO_COMMON_BLOCKS = YES;
				GCC_WARN_64_TO_32_BIT_CONVERSION = YES;
				GCC_WARN_ABOUT_RETURN_TYPE = YES_ERROR;
				GCC_WARN_UNDECLARED_SELECTOR = YES;
				GCC_WARN_UNINITIALIZED_AUTOS = YES_AGGRESSIVE;
				GCC_WARN_UNUSED_FUNCTION = YES;
				GCC_WARN_UNUSED_VARIABLE = YES;
				IPHONEOS_DEPLOYMENT_TARGET = 14.4;
				MTL_ENABLE_DEBUG_INFO = NO;
				MTL_FAST_MATH = YES;
				SDKROOT = iphoneos;
				SWIFT_COMPILATION_MODE = wholemodule;
				SWIFT_OPTIMIZATION_LEVEL = "-O";
				VALIDATE_PRODUCT = YES;
			};
			name = Release;
		};
		9AA6BFAC262CA83C00681592 /* Debug */ = {
			isa = XCBuildConfiguration;
			buildSettings = {
				ASSETCATALOG_COMPILER_APPICON_NAME = AppIcon;
				ASSETCATALOG_COMPILER_GLOBAL_ACCENT_COLOR_NAME = AccentColor;
				CODE_SIGN_STYLE = Automatic;
				DEVELOPMENT_ASSET_PATHS = "\"UltimatePortfolio/Preview Content\"";
				DEVELOPMENT_TEAM = UFL2WNBTT3;
				ENABLE_PREVIEWS = YES;
				INFOPLIST_FILE = UltimatePortfolio/Info.plist;
				IPHONEOS_DEPLOYMENT_TARGET = 14.0;
				LD_RUNPATH_SEARCH_PATHS = (
					"$(inherited)",
					"@executable_path/Frameworks",
				);
				PRODUCT_BUNDLE_IDENTIFIER = com.victor.ultimateportfolio.UltimatePortfolio;
				PRODUCT_NAME = "$(TARGET_NAME)";
				SWIFT_VERSION = 5.0;
				TARGETED_DEVICE_FAMILY = "1,2";
			};
			name = Debug;
		};
		9AA6BFAD262CA83C00681592 /* Release */ = {
			isa = XCBuildConfiguration;
			buildSettings = {
				ASSETCATALOG_COMPILER_APPICON_NAME = AppIcon;
				ASSETCATALOG_COMPILER_GLOBAL_ACCENT_COLOR_NAME = AccentColor;
				CODE_SIGN_STYLE = Automatic;
				DEVELOPMENT_ASSET_PATHS = "\"UltimatePortfolio/Preview Content\"";
				DEVELOPMENT_TEAM = UFL2WNBTT3;
				ENABLE_PREVIEWS = YES;
				INFOPLIST_FILE = UltimatePortfolio/Info.plist;
				IPHONEOS_DEPLOYMENT_TARGET = 14.0;
				LD_RUNPATH_SEARCH_PATHS = (
					"$(inherited)",
					"@executable_path/Frameworks",
				);
				PRODUCT_BUNDLE_IDENTIFIER = com.victor.ultimateportfolio.UltimatePortfolio;
				PRODUCT_NAME = "$(TARGET_NAME)";
				SWIFT_VERSION = 5.0;
				TARGETED_DEVICE_FAMILY = "1,2";
			};
			name = Release;
		};
/* End XCBuildConfiguration section */

/* Begin XCConfigurationList section */
		9AA6BF97262CA83700681592 /* Build configuration list for PBXProject "UltimatePortfolio" */ = {
			isa = XCConfigurationList;
			buildConfigurations = (
				9AA6BFA9262CA83C00681592 /* Debug */,
				9AA6BFAA262CA83C00681592 /* Release */,
			);
			defaultConfigurationIsVisible = 0;
			defaultConfigurationName = Release;
		};
		9AA6BFAB262CA83C00681592 /* Build configuration list for PBXNativeTarget "UltimatePortfolio" */ = {
			isa = XCConfigurationList;
			buildConfigurations = (
				9AA6BFAC262CA83C00681592 /* Debug */,
				9AA6BFAD262CA83C00681592 /* Release */,
			);
			defaultConfigurationIsVisible = 0;
			defaultConfigurationName = Release;
		};
/* End XCConfigurationList section */

/* Begin XCVersionGroup section */
		9AA6BFAF262DBA0200681592 /* Main.xcdatamodeld */ = {
			isa = XCVersionGroup;
			children = (
				9AA6BFB0262DBA0200681592 /* Main.xcdatamodel */,
			);
			currentVersion = 9AA6BFB0262DBA0200681592 /* Main.xcdatamodel */;
			path = Main.xcdatamodeld;
			sourceTree = "<group>";
			versionGroupType = wrapper.xcdatamodel;
		};
/* End XCVersionGroup section */
	};
	rootObject = 9AA6BF94262CA83700681592 /* Project object */;
}
